// !$*UTF8*$!
{
	archiveVersion = 1;
	classes = {
	};
	objectVersion = 56;
	objects = {

/* Begin PBXBuildFile section */
		7418E989293C3C9300C96F47 /* Pronunciation.swift in Sources */ = {isa = PBXBuildFile; fileRef = 7418E988293C3C9300C96F47 /* Pronunciation.swift */; };
		7418E98B293C502400C96F47 /* DataManager.swift in Sources */ = {isa = PBXBuildFile; fileRef = 7418E98A293C502400C96F47 /* DataManager.swift */; };
		7418E98D293C667500C96F47 /* CategorySentence.swift in Sources */ = {isa = PBXBuildFile; fileRef = 7418E98C293C667500C96F47 /* CategorySentence.swift */; };
		7418E98F293C6CB200C96F47 /* PlayButtonView.swift in Sources */ = {isa = PBXBuildFile; fileRef = 7418E98E293C6CB200C96F47 /* PlayButtonView.swift */; };
		743EE6D4293B75CD00F003BA /* MyDictionaryApp.swift in Sources */ = {isa = PBXBuildFile; fileRef = 743EE6D3293B75CD00F003BA /* MyDictionaryApp.swift */; };
		743EE6D6293B75CD00F003BA /* ContentView.swift in Sources */ = {isa = PBXBuildFile; fileRef = 743EE6D5293B75CD00F003BA /* ContentView.swift */; };
		743EE6D8293B75CF00F003BA /* Assets.xcassets in Resources */ = {isa = PBXBuildFile; fileRef = 743EE6D7293B75CF00F003BA /* Assets.xcassets */; };
		743EE6DB293B75CF00F003BA /* Preview Assets.xcassets in Resources */ = {isa = PBXBuildFile; fileRef = 743EE6DA293B75CF00F003BA /* Preview Assets.xcassets */; };
		743EE6E2293B76A300F003BA /* MainView.swift in Sources */ = {isa = PBXBuildFile; fileRef = 743EE6E1293B76A300F003BA /* MainView.swift */; };
		743EE6E4293B776C00F003BA /* Word.swift in Sources */ = {isa = PBXBuildFile; fileRef = 743EE6E3293B776C00F003BA /* Word.swift */; };
		743EE6EA293B793B00F003BA /* NetworkManager.swift in Sources */ = {isa = PBXBuildFile; fileRef = 743EE6E9293B793B00F003BA /* NetworkManager.swift */; };
		743EE6ED293BCEA600F003BA /* PlayerView.swift in Sources */ = {isa = PBXBuildFile; fileRef = 743EE6EC293BCEA600F003BA /* PlayerView.swift */; };
		743EE6EF293BD67F00F003BA /* Sentence.swift in Sources */ = {isa = PBXBuildFile; fileRef = 743EE6EE293BD67F00F003BA /* Sentence.swift */; };
/* End PBXBuildFile section */

/* Begin PBXFileReference section */
		7418E988293C3C9300C96F47 /* Pronunciation.swift */ = {isa = PBXFileReference; lastKnownFileType = sourcecode.swift; path = Pronunciation.swift; sourceTree = "<group>"; };
		7418E98A293C502400C96F47 /* DataManager.swift */ = {isa = PBXFileReference; lastKnownFileType = sourcecode.swift; path = DataManager.swift; sourceTree = "<group>"; };
		7418E98C293C667500C96F47 /* CategorySentence.swift */ = {isa = PBXFileReference; lastKnownFileType = sourcecode.swift; path = CategorySentence.swift; sourceTree = "<group>"; };
		7418E98E293C6CB200C96F47 /* PlayButtonView.swift */ = {isa = PBXFileReference; lastKnownFileType = sourcecode.swift; path = PlayButtonView.swift; sourceTree = "<group>"; };
		743EE6D0293B75CD00F003BA /* MyDictionary.app */ = {isa = PBXFileReference; explicitFileType = wrapper.application; includeInIndex = 0; path = MyDictionary.app; sourceTree = BUILT_PRODUCTS_DIR; };
		743EE6D3293B75CD00F003BA /* MyDictionaryApp.swift */ = {isa = PBXFileReference; lastKnownFileType = sourcecode.swift; path = MyDictionaryApp.swift; sourceTree = "<group>"; };
		743EE6D5293B75CD00F003BA /* ContentView.swift */ = {isa = PBXFileReference; lastKnownFileType = sourcecode.swift; path = ContentView.swift; sourceTree = "<group>"; };
		743EE6D7293B75CF00F003BA /* Assets.xcassets */ = {isa = PBXFileReference; lastKnownFileType = folder.assetcatalog; path = Assets.xcassets; sourceTree = "<group>"; };
		743EE6DA293B75CF00F003BA /* Preview Assets.xcassets */ = {isa = PBXFileReference; lastKnownFileType = folder.assetcatalog; path = "Preview Assets.xcassets"; sourceTree = "<group>"; };
		743EE6E1293B76A300F003BA /* MainView.swift */ = {isa = PBXFileReference; lastKnownFileType = sourcecode.swift; path = MainView.swift; sourceTree = "<group>"; };
		743EE6E3293B776C00F003BA /* Word.swift */ = {isa = PBXFileReference; lastKnownFileType = sourcecode.swift; path = Word.swift; sourceTree = "<group>"; };
		743EE6E9293B793B00F003BA /* NetworkManager.swift */ = {isa = PBXFileReference; lastKnownFileType = sourcecode.swift; path = NetworkManager.swift; sourceTree = "<group>"; };
		743EE6EC293BCEA600F003BA /* PlayerView.swift */ = {isa = PBXFileReference; lastKnownFileType = sourcecode.swift; path = PlayerView.swift; sourceTree = "<group>"; };
		743EE6EE293BD67F00F003BA /* Sentence.swift */ = {isa = PBXFileReference; lastKnownFileType = sourcecode.swift; path = Sentence.swift; sourceTree = "<group>"; };
/* End PBXFileReference section */

/* Begin PBXFrameworksBuildPhase section */
		743EE6CD293B75CD00F003BA /* Frameworks */ = {
			isa = PBXFrameworksBuildPhase;
			buildActionMask = 2147483647;
			files = (
			);
			runOnlyForDeploymentPostprocessing = 0;
		};
/* End PBXFrameworksBuildPhase section */

/* Begin PBXGroup section */
		743EE6C7293B75CD00F003BA = {
			isa = PBXGroup;
			children = (
				743EE6D2293B75CD00F003BA /* MyDictionary */,
				743EE6D1293B75CD00F003BA /* Products */,
			);
			sourceTree = "<group>";
		};
		743EE6D1293B75CD00F003BA /* Products */ = {
			isa = PBXGroup;
			children = (
				743EE6D0293B75CD00F003BA /* MyDictionary.app */,
			);
			name = Products;
			sourceTree = "<group>";
		};
		743EE6D2293B75CD00F003BA /* MyDictionary */ = {
			isa = PBXGroup;
			children = (
				743EE6D3293B75CD00F003BA /* MyDictionaryApp.swift */,
				743EE6D5293B75CD00F003BA /* ContentView.swift */,
				743EE6E1293B76A300F003BA /* MainView.swift */,
				7418E98E293C6CB200C96F47 /* PlayButtonView.swift */,
				7418E98C293C667500C96F47 /* CategorySentence.swift */,
				743EE6EC293BCEA600F003BA /* PlayerView.swift */,
				743EE6EB293B793F00F003BA /* Services */,
				743EE6E5293B777200F003BA /* Models */,
				743EE6D7293B75CF00F003BA /* Assets.xcassets */,
				743EE6D9293B75CF00F003BA /* Preview Content */,
			);
			path = MyDictionary;
			sourceTree = "<group>";
		};
		743EE6D9293B75CF00F003BA /* Preview Content */ = {
			isa = PBXGroup;
			children = (
				743EE6DA293B75CF00F003BA /* Preview Assets.xcassets */,
			);
			path = "Preview Content";
			sourceTree = "<group>";
		};
		743EE6E5293B777200F003BA /* Models */ = {
			isa = PBXGroup;
			children = (
				743EE6E3293B776C00F003BA /* Word.swift */,
				743EE6EE293BD67F00F003BA /* Sentence.swift */,
				7418E988293C3C9300C96F47 /* Pronunciation.swift */,
			);
			path = Models;
			sourceTree = "<group>";
		};
		743EE6EB293B793F00F003BA /* Services */ = {
			isa = PBXGroup;
			children = (
				743EE6E9293B793B00F003BA /* NetworkManager.swift */,
				7418E98A293C502400C96F47 /* DataManager.swift */,
			);
			path = Services;
			sourceTree = "<group>";
		};
/* End PBXGroup section */

/* Begin PBXNativeTarget section */
		743EE6CF293B75CD00F003BA /* MyDictionary */ = {
			isa = PBXNativeTarget;
			buildConfigurationList = 743EE6DE293B75CF00F003BA /* Build configuration list for PBXNativeTarget "MyDictionary" */;
			buildPhases = (
				743EE6CC293B75CD00F003BA /* Sources */,
				743EE6CD293B75CD00F003BA /* Frameworks */,
				743EE6CE293B75CD00F003BA /* Resources */,
			);
			buildRules = (
			);
			dependencies = (
			);
			name = MyDictionary;
			productName = MyDictionary;
			productReference = 743EE6D0293B75CD00F003BA /* MyDictionary.app */;
			productType = "com.apple.product-type.application";
		};
/* End PBXNativeTarget section */

/* Begin PBXProject section */
		743EE6C8293B75CD00F003BA /* Project object */ = {
			isa = PBXProject;
			attributes = {
				BuildIndependentTargetsInParallel = 1;
				LastSwiftUpdateCheck = 1400;
				LastUpgradeCheck = 1400;
				TargetAttributes = {
					743EE6CF293B75CD00F003BA = {
						CreatedOnToolsVersion = 14.0.1;
					};
				};
			};
			buildConfigurationList = 743EE6CB293B75CD00F003BA /* Build configuration list for PBXProject "MyDictionary" */;
			compatibilityVersion = "Xcode 14.0";
			developmentRegion = en;
			hasScannedForEncodings = 0;
			knownRegions = (
				en,
				Base,
			);
			mainGroup = 743EE6C7293B75CD00F003BA;
			productRefGroup = 743EE6D1293B75CD00F003BA /* Products */;
			projectDirPath = "";
			projectRoot = "";
			targets = (
				743EE6CF293B75CD00F003BA /* MyDictionary */,
			);
		};
/* End PBXProject section */

/* Begin PBXResourcesBuildPhase section */
		743EE6CE293B75CD00F003BA /* Resources */ = {
			isa = PBXResourcesBuildPhase;
			buildActionMask = 2147483647;
			files = (
				743EE6DB293B75CF00F003BA /* Preview Assets.xcassets in Resources */,
				743EE6D8293B75CF00F003BA /* Assets.xcassets in Resources */,
			);
			runOnlyForDeploymentPostprocessing = 0;
		};
/* End PBXResourcesBuildPhase section */

/* Begin PBXSourcesBuildPhase section */
		743EE6CC293B75CD00F003BA /* Sources */ = {
			isa = PBXSourcesBuildPhase;
			buildActionMask = 2147483647;
			files = (
				7418E98D293C667500C96F47 /* CategorySentence.swift in Sources */,
				743EE6D6293B75CD00F003BA /* ContentView.swift in Sources */,
				743EE6E4293B776C00F003BA /* Word.swift in Sources */,
				743EE6EA293B793B00F003BA /* NetworkManager.swift in Sources */,
				7418E989293C3C9300C96F47 /* Pronunciation.swift in Sources */,
				743EE6ED293BCEA600F003BA /* PlayerView.swift in Sources */,
				743EE6E2293B76A300F003BA /* MainView.swift in Sources */,
				7418E98F293C6CB200C96F47 /* PlayButtonView.swift in Sources */,
				743EE6D4293B75CD00F003BA /* MyDictionaryApp.swift in Sources */,
				7418E98B293C502400C96F47 /* DataManager.swift in Sources */,
				743EE6EF293BD67F00F003BA /* Sentence.swift in Sources */,
			);
			runOnlyForDeploymentPostprocessing = 0;
		};
/* End PBXSourcesBuildPhase section */

/* Begin XCBuildConfiguration section */
		743EE6DC293B75CF00F003BA /* Debug */ = {
			isa = XCBuildConfiguration;
			buildSettings = {
				ALWAYS_SEARCH_USER_PATHS = NO;
				CLANG_ANALYZER_NONNULL = YES;
				CLANG_ANALYZER_NUMBER_OBJECT_CONVERSION = YES_AGGRESSIVE;
				CLANG_CXX_LANGUAGE_STANDARD = "gnu++20";
				CLANG_ENABLE_MODULES = YES;
				CLANG_ENABLE_OBJC_ARC = YES;
				CLANG_ENABLE_OBJC_WEAK = YES;
				CLANG_WARN_BLOCK_CAPTURE_AUTORELEASING = YES;
				CLANG_WARN_BOOL_CONVERSION = YES;
				CLANG_WARN_COMMA = YES;
				CLANG_WARN_CONSTANT_CONVERSION = YES;
				CLANG_WARN_DEPRECATED_OBJC_IMPLEMENTATIONS = YES;
				CLANG_WARN_DIRECT_OBJC_ISA_USAGE = YES_ERROR;
				CLANG_WARN_DOCUMENTATION_COMMENTS = YES;
				CLANG_WARN_EMPTY_BODY = YES;
				CLANG_WARN_ENUM_CONVERSION = YES;
				CLANG_WARN_INFINITE_RECURSION = YES;
				CLANG_WARN_INT_CONVERSION = YES;
				CLANG_WARN_NON_LITERAL_NULL_CONVERSION = YES;
				CLANG_WARN_OBJC_IMPLICIT_RETAIN_SELF = YES;
				CLANG_WARN_OBJC_LITERAL_CONVERSION = YES;
				CLANG_WARN_OBJC_ROOT_CLASS = YES_ERROR;
				CLANG_WARN_QUOTED_INCLUDE_IN_FRAMEWORK_HEADER = YES;
				CLANG_WARN_RANGE_LOOP_ANALYSIS = YES;
				CLANG_WARN_STRICT_PROTOTYPES = YES;
				CLANG_WARN_SUSPICIOUS_MOVE = YES;
				CLANG_WARN_UNGUARDED_AVAILABILITY = YES_AGGRESSIVE;
				CLANG_WARN_UNREACHABLE_CODE = YES;
				CLANG_WARN__DUPLICATE_METHOD_MATCH = YES;
				COPY_PHASE_STRIP = NO;
				DEBUG_INFORMATION_FORMAT = dwarf;
				ENABLE_STRICT_OBJC_MSGSEND = YES;
				ENABLE_TESTABILITY = YES;
				GCC_C_LANGUAGE_STANDARD = gnu11;
				GCC_DYNAMIC_NO_PIC = NO;
				GCC_NO_COMMON_BLOCKS = YES;
				GCC_OPTIMIZATION_LEVEL = 0;
				GCC_PREPROCESSOR_DEFINITIONS = (
					"DEBUG=1",
					"$(inherited)",
				);
				GCC_WARN_64_TO_32_BIT_CONVERSION = YES;
				GCC_WARN_ABOUT_RETURN_TYPE = YES_ERROR;
				GCC_WARN_UNDECLARED_SELECTOR = YES;
				GCC_WARN_UNINITIALIZED_AUTOS = YES_AGGRESSIVE;
				GCC_WARN_UNUSED_FUNCTION = YES;
				GCC_WARN_UNUSED_VARIABLE = YES;
				IPHONEOS_DEPLOYMENT_TARGET = 16.0;
				MTL_ENABLE_DEBUG_INFO = INCLUDE_SOURCE;
				MTL_FAST_MATH = YES;
				ONLY_ACTIVE_ARCH = YES;
				SDKROOT = iphoneos;
				SWIFT_ACTIVE_COMPILATION_CONDITIONS = DEBUG;
				SWIFT_OPTIMIZATION_LEVEL = "-Onone";
			};
			name = Debug;
		};
		743EE6DD293B75CF00F003BA /* Release */ = {
			isa = XCBuildConfiguration;
			buildSettings = {
				ALWAYS_SEARCH_USER_PATHS = NO;
				CLANG_ANALYZER_NONNULL = YES;
				CLANG_ANALYZER_NUMBER_OBJECT_CONVERSION = YES_AGGRESSIVE;
				CLANG_CXX_LANGUAGE_STANDARD = "gnu++20";
				CLANG_ENABLE_MODULES = YES;
				CLANG_ENABLE_OBJC_ARC = YES;
				CLANG_ENABLE_OBJC_WEAK = YES;
				CLANG_WARN_BLOCK_CAPTURE_AUTORELEASING = YES;
				CLANG_WARN_BOOL_CONVERSION = YES;
				CLANG_WARN_COMMA = YES;
				CLANG_WARN_CONSTANT_CONVERSION = YES;
				CLANG_WARN_DEPRECATED_OBJC_IMPLEMENTATIONS = YES;
				CLANG_WARN_DIRECT_OBJC_ISA_USAGE = YES_ERROR;
				CLANG_WARN_DOCUMENTATION_COMMENTS = YES;
				CLANG_WARN_EMPTY_BODY = YES;
				CLANG_WARN_ENUM_CONVERSION = YES;
				CLANG_WARN_INFINITE_RECURSION = YES;
				CLANG_WARN_INT_CONVERSION = YES;
				CLANG_WARN_NON_LITERAL_NULL_CONVERSION = YES;
				CLANG_WARN_OBJC_IMPLICIT_RETAIN_SELF = YES;
				CLANG_WARN_OBJC_LITERAL_CONVERSION = YES;
				CLANG_WARN_OBJC_ROOT_CLASS = YES_ERROR;
				CLANG_WARN_QUOTED_INCLUDE_IN_FRAMEWORK_HEADER = YES;
				CLANG_WARN_RANGE_LOOP_ANALYSIS = YES;
				CLANG_WARN_STRICT_PROTOTYPES = YES;
				CLANG_WARN_SUSPICIOUS_MOVE = YES;
				CLANG_WARN_UNGUARDED_AVAILABILITY = YES_AGGRESSIVE;
				CLANG_WARN_UNREACHABLE_CODE = YES;
				CLANG_WARN__DUPLICATE_METHOD_MATCH = YES;
				COPY_PHASE_STRIP = NO;
				DEBUG_INFORMATION_FORMAT = "dwarf-with-dsym";
				ENABLE_NS_ASSERTIONS = NO;
				ENABLE_STRICT_OBJC_MSGSEND = YES;
				GCC_C_LANGUAGE_STANDARD = gnu11;
				GCC_NO_COMMON_BLOCKS = YES;
				GCC_WARN_64_TO_32_BIT_CONVERSION = YES;
				GCC_WARN_ABOUT_RETURN_TYPE = YES_ERROR;
				GCC_WARN_UNDECLARED_SELECTOR = YES;
				GCC_WARN_UNINITIALIZED_AUTOS = YES_AGGRESSIVE;
				GCC_WARN_UNUSED_FUNCTION = YES;
				GCC_WARN_UNUSED_VARIABLE = YES;
				IPHONEOS_DEPLOYMENT_TARGET = 16.0;
				MTL_ENABLE_DEBUG_INFO = NO;
				MTL_FAST_MATH = YES;
				SDKROOT = iphoneos;
				SWIFT_COMPILATION_MODE = wholemodule;
				SWIFT_OPTIMIZATION_LEVEL = "-O";
				VALIDATE_PRODUCT = YES;
			};
			name = Release;
		};
		743EE6DF293B75CF00F003BA /* Debug */ = {
			isa = XCBuildConfiguration;
			buildSettings = {
				ASSETCATALOG_COMPILER_APPICON_NAME = AppIcon;
				ASSETCATALOG_COMPILER_GLOBAL_ACCENT_COLOR_NAME = AccentColor;
				CODE_SIGN_STYLE = Automatic;
				CURRENT_PROJECT_VERSION = 1;
				DEVELOPMENT_ASSET_PATHS = "\"MyDictionary/Preview Content\"";
				DEVELOPMENT_TEAM = SLB753PHY3;
				ENABLE_PREVIEWS = YES;
				GENERATE_INFOPLIST_FILE = YES;
				INFOPLIST_KEY_UIApplicationSceneManifest_Generation = YES;
				INFOPLIST_KEY_UIApplicationSupportsIndirectInputEvents = YES;
				INFOPLIST_KEY_UILaunchScreen_Generation = YES;
				INFOPLIST_KEY_UISupportedInterfaceOrientations_iPad = "UIInterfaceOrientationPortrait UIInterfaceOrientationPortraitUpsideDown UIInterfaceOrientationLandscapeLeft UIInterfaceOrientationLandscapeRight";
				INFOPLIST_KEY_UISupportedInterfaceOrientations_iPhone = "UIInterfaceOrientationPortrait UIInterfaceOrientationLandscapeLeft UIInterfaceOrientationLandscapeRight";
				LD_RUNPATH_SEARCH_PATHS = (
					"$(inherited)",
					"@executable_path/Frameworks",
				);
				MARKETING_VERSION = 1.0;
				PRODUCT_BUNDLE_IDENTIFIER = "Mikhail-Ivanov.MyDictionary";
				PRODUCT_NAME = "$(TARGET_NAME)";
				SWIFT_EMIT_LOC_STRINGS = YES;
				SWIFT_VERSION = 5.0;
				TARGETED_DEVICE_FAMILY = "1,2";
			};
			name = Debug;
		};
		743EE6E0293B75CF00F003BA /* Release */ = {
			isa = XCBuildConfiguration;
			buildSettings = {
				ASSETCATALOG_COMPILER_APPICON_NAME = AppIcon;
				ASSETCATALOG_COMPILER_GLOBAL_ACCENT_COLOR_NAME = AccentColor;
				CODE_SIGN_STYLE = Automatic;
				CURRENT_PROJECT_VERSION = 1;
				DEVELOPMENT_ASSET_PATHS = "\"MyDictionary/Preview Content\"";
				DEVELOPMENT_TEAM = SLB753PHY3;
				ENABLE_PREVIEWS = YES;
				GENERATE_INFOPLIST_FILE = YES;
				INFOPLIST_KEY_UIApplicationSceneManifest_Generation = YES;
				INFOPLIST_KEY_UIApplicationSupportsIndirectInputEvents = YES;
				INFOPLIST_KEY_UILaunchScreen_Generation = YES;
				INFOPLIST_KEY_UISupportedInterfaceOrientations_iPad = "UIInterfaceOrientationPortrait UIInterfaceOrientationPortraitUpsideDown UIInterfaceOrientationLandscapeLeft UIInterfaceOrientationLandscapeRight";
				INFOPLIST_KEY_UISupportedInterfaceOrientations_iPhone = "UIInterfaceOrientationPortrait UIInterfaceOrientationLandscapeLeft UIInterfaceOrientationLandscapeRight";
				LD_RUNPATH_SEARCH_PATHS = (
					"$(inherited)",
					"@executable_path/Frameworks",
				);
				MARKETING_VERSION = 1.0;
				PRODUCT_BUNDLE_IDENTIFIER = "Mikhail-Ivanov.MyDictionary";
				PRODUCT_NAME = "$(TARGET_NAME)";
				SWIFT_EMIT_LOC_STRINGS = YES;
				SWIFT_VERSION = 5.0;
				TARGETED_DEVICE_FAMILY = "1,2";
			};
			name = Release;
		};
/* End XCBuildConfiguration section */

/* Begin XCConfigurationList section */
		743EE6CB293B75CD00F003BA /* Build configuration list for PBXProject "MyDictionary" */ = {
			isa = XCConfigurationList;
			buildConfigurations = (
				743EE6DC293B75CF00F003BA /* Debug */,
				743EE6DD293B75CF00F003BA /* Release */,
			);
			defaultConfigurationIsVisible = 0;
			defaultConfigurationName = Release;
		};
		743EE6DE293B75CF00F003BA /* Build configuration list for PBXNativeTarget "MyDictionary" */ = {
			isa = XCConfigurationList;
			buildConfigurations = (
				743EE6DF293B75CF00F003BA /* Debug */,
				743EE6E0293B75CF00F003BA /* Release */,
			);
			defaultConfigurationIsVisible = 0;
			defaultConfigurationName = Release;
		};
/* End XCConfigurationList section */
	};
	rootObject = 743EE6C8293B75CD00F003BA /* Project object */;
}
